# THIS IS AN AUTOGENERATED FILE. DO NOT EDIT THIS FILE DIRECTLY.
# yarn lockfile v1


async-csv@^2.1.3:
  version "2.1.3"
  resolved "https://registry.yarnpkg.com/async-csv/-/async-csv-2.1.3.tgz#d6e43c61050ed3501b57f53c4c28943c5da59172"
  integrity sha512-mpsCN+D7mzZeqrlDw7UTPhvDQDlx1i819E9fbKIt8drkgED5FSOlBv3Rk/+sXdevnO2wwlRkVOQ4kdT0AyqPqQ==
  dependencies:
    csv "^5.1.3"

csv-generate@^3.4.0:
  version "3.4.0"
  resolved "https://registry.yarnpkg.com/csv-generate/-/csv-generate-3.4.0.tgz#360ed73ef8ec7119515a47c3bd5970ac4b988f00"
  integrity sha512-D6yi7c6lL70cpTx3TQIVWKrfxuLiKa0pBizu0zi7fSRXlhmE7u674gk9k1IjCEnxKq2t6xzbXnxcOmSdBbE8vQ==

csv-parse@^4.15.3:
  version "4.15.4"
  resolved "https://registry.yarnpkg.com/csv-parse/-/csv-parse-4.15.4.tgz#ad1ec62aaf71a642982dfcb81f1848184d691db5"
  integrity sha512-OdBbFc0yZhOm17lSxqkirrHlFFVpKRT0wp4DAGoJelsP3LbGzV9LNr7XmM/lrr0uGkCtaqac9UhP8PDHXOAbMg==

csv-parser@^3.0.0:
  version "3.0.0"
  resolved "https://registry.yarnpkg.com/csv-parser/-/csv-parser-3.0.0.tgz#b88a6256d79e090a97a1b56451f9327b01d710e7"
  integrity sha512-s6OYSXAK3IdKqYO33y09jhypG/bSDHPuyCme/IdEHfWpLf/jKcpitVFyOC6UemgGk8v7Q5u2XE0vvwmanxhGlQ==
  dependencies:
    minimist "^1.2.0"

csv-stringify@^5.6.2:
  version "5.6.2"
  resolved "https://registry.yarnpkg.com/csv-stringify/-/csv-stringify-5.6.2.tgz#e653783e2189c4c797fbb12abf7f4943c787caa9"
  integrity sha512-n3rIVbX6ylm1YsX2NEug9IaPV8xRnT+9/NNZbrA/bcHgOSSeqtWla6XnI/xmyu57wIw+ASCAoX1oM6EZtqJV0A==

csv@^5.1.3:
  version "5.5.0"
  resolved "https://registry.yarnpkg.com/csv/-/csv-5.5.0.tgz#8ef89e9ac22559064aedf3cbbb912ed4c2aaf9ac"
  integrity sha512-32tcuxdb4HW3zbk8NBcVQb8/7xuJB5sv+q4BuQ6++E/K6JvHvWoCHcGzB5Au95vVikNH4ztE0XNC/Bws950cfA==
  dependencies:
    csv-generate "^3.4.0"
    csv-parse "^4.15.3"
    csv-stringify "^5.6.2"
    stream-transform "^2.1.0"

get-stream@^6.0.0:
  version "6.0.1"
  resolved "https://registry.yarnpkg.com/get-stream/-/get-stream-6.0.1.tgz#a262d8eef67aced57c2852ad6167526a43cbf7b7"
  integrity sha512-ts6Wi+2j3jQjqi70w5AlN8DFnkSwC+MqmxEzdEALB2qXZYV3X/b1CTfgPLGJNMeAWxdPfU8FO1ms3NUfaHCPYg==

minimist@^1.2.0:
  version "1.2.5"
  resolved "https://registry.yarnpkg.com/minimist/-/minimist-1.2.5.tgz#67d66014b66a6a8aaa0c083c5fd58df4e4e97602"
  integrity sha512-FM9nNUYrRBAELZQT3xeZQ7fmMOBg6nWNmJKTcgsJeaLstP/UODVpGsr5OhXhhXg6f+qtJ8uiZ+PUxkDWcgIXLw==

mixme@^0.5.0:
  version "0.5.1"
  resolved "https://registry.yarnpkg.com/mixme/-/mixme-0.5.1.tgz#b3da79a563b2da46efba9519830059e4c2a9e40f"
  integrity sha512-NaeZIckeBFT7i0XBEpGyFcAE0/bLcQ9MHErTpnU3bLWVE5WZbxG5Y3fDsMxYGifTo5khDA42OquXCC2ngKJB+g==

neat-csv@^6.0.1:
  version "6.0.1"
  resolved "https://registry.yarnpkg.com/neat-csv/-/neat-csv-6.0.1.tgz#c7f9a2cd63456047e8a48d6ad708a2ec4423975d"
  integrity sha512-j87x1Rj2KiyZeOtFzedZXV8XN7Om/BcEcclPfj84I24yq9vfarNY8DrKKN8nfwN1FtQZgBvxTfQbwpugkV2MoA==
  dependencies:
    csv-parser "^3.0.0"
    get-stream "^6.0.0"
    to-readable-stream "^2.1.0"

objects-to-csv@^1.3.6:
  version "1.3.6"
  resolved "https://registry.yarnpkg.com/objects-to-csv/-/objects-to-csv-1.3.6.tgz#05f25144099151ee915d2dd1458d4dd3ea96d84a"
  integrity sha512-383eSpS3hmgCksW85KIqBtcbgSW5DDVsCmzLoM6C3q4yzOX2rmtWxF4pbLJ76fz+ufA+4/SwAT4QdaY6IUWmAg==
  dependencies:
    async-csv "^2.1.3"

stream-transform@^2.1.0:
  version "2.1.0"
  resolved "https://registry.yarnpkg.com/stream-transform/-/stream-transform-2.1.0.tgz#e68cc062cced5b8ee669ae97f4be473eee5d9227"
  integrity sha512-bwQO+75rzQbug7e5OOHnOR3FgbJ0fCjHmDIdynkwUaFzleBXugGmv2dx3sX3aIHUQRLjrcisRPgN9BWl63uGgw==
  dependencies:
    mixme "^0.5.0"

to-readable-stream@^2.1.0:
  version "2.1.0"
  resolved "https://registry.yarnpkg.com/to-readable-stream/-/to-readable-stream-2.1.0.tgz#82880316121bea662cdc226adb30addb50cb06e8"
  integrity sha512-o3Qa6DGg1CEXshSdvWNX2sN4QHqg03SPq7U6jPXRahlQdl5dK8oXjkU/2/sGrnOZKeGV1zLSO8qPwyKklPPE7w==
